
Microsoft Visual Studio Solution File, Format Version 12.00
# Visual Studio Version 17
VisualStudioVersion = 17.14.36401.2 d17.14
MinimumVisualStudioVersion = 10.0.40219.1
Project("{FAE04EC0-301F-11D3-BF4B-00C04F79EFBC}") = "MyQuiz", "MyQuiz.csproj", "{9E0BE677-63AC-4ACC-958D-A92771B4A9D4}"
EndProject
Global
	GlobalSection(SolutionConfigurationPlatforms) = preSolution
		Debug|Any CPU = Debug|Any CPU
		Release|Any CPU = Release|Any CPU
	EndGlobalSection
	GlobalSection(ProjectConfigurationPlatforms) = postSolution
		{9E0BE677-63AC-4ACC-958D-A92771B4A9D4}.Debug|Any CPU.ActiveCfg = Debug|Any CPU
		{9E0BE677-63AC-4ACC-958D-A92771B4A9D4}.Debug|Any CPU.Build.0 = Debug|Any CPU
		{9E0BE677-63AC-4ACC-958D-A92771B4A9D4}.Release|Any CPU.ActiveCfg = Release|Any CPU
		{9E0BE677-63AC-4ACC-958D-A92771B4A9D4}.Release|Any CPU.Build.0 = Release|Any CPU
	EndGlobalSection
	GlobalSection(SolutionProperties) = preSolution
		HideSolutionNode = FALSE
	EndGlobalSection
	GlobalSection(ExtensibilityGlobals) = postSolution
		SolutionGuid = {73654BCD-F09F-465A-99B8-7699B261212C}
	EndGlobalSection
EndGlobal
